
Microsoft Visual Studio Solution File, Format Version 12.00
# Visual Studio 15
VisualStudioVersion = 15.0.27428.2037
MinimumVisualStudioVersion = 10.0.40219.1
Project("{FAE04EC0-301F-11D3-BF4B-00C04F79EFBC}") = "OS.ReactiveDuplexChannel", "OS.ReactiveDuplexChannel\OS.ReactiveDuplexChannel.csproj", "{33EE12E1-E9A8-4839-9B50-0305D2DE143A}"
EndProject
Global
	GlobalSection(SolutionConfigurationPlatforms) = preSolution
		Debug|Any CPU = Debug|Any CPU
		Release|Any CPU = Release|Any CPU
	EndGlobalSection
	GlobalSection(ProjectConfigurationPlatforms) = postSolution
		{33EE12E1-E9A8-4839-9B50-0305D2DE143A}.Debug|Any CPU.ActiveCfg = Debug|Any CPU
		{33EE12E1-E9A8-4839-9B50-0305D2DE143A}.Debug|Any CPU.Build.0 = Debug|Any CPU
		{33EE12E1-E9A8-4839-9B50-0305D2DE143A}.Release|Any CPU.ActiveCfg = Release|Any CPU
		{33EE12E1-E9A8-4839-9B50-0305D2DE143A}.Release|Any CPU.Build.0 = Release|Any CPU
	EndGlobalSection
	GlobalSection(SolutionProperties) = preSolution
		HideSolutionNode = FALSE
	EndGlobalSection
	GlobalSection(ExtensibilityGlobals) = postSolution
		SolutionGuid = {48AED8A5-4A66-4637-A68C-841B82883F5C}
	EndGlobalSection
EndGlobal
