
Microsoft Visual Studio Solution File, Format Version 12.00
# Visual Studio 15
VisualStudioVersion = 15.0.27428.2037
MinimumVisualStudioVersion = 10.0.40219.1
Project("{FAE04EC0-301F-11D3-BF4B-00C04F79EFBC}") = "OS.ReactiveDuplexChannel", "OS.ReactiveDuplexChannel\OS.ReactiveDuplexChannel.csproj", "{33EE12E1-E9A8-4839-9B50-0305D2DE143A}"
EndProject
Project("{2150E333-8FDC-42A3-9474-1A3956D46DE8}") = "Example", "Example", "{AC5FB29C-242D-4087-9F09-2F5E286BB3B7}"
EndProject
Project("{FAE04EC0-301F-11D3-BF4B-00C04F79EFBC}") = "StockQuoteService", "Example\StockQuoteService\StockQuoteService.csproj", "{66474578-1205-4CC2-9A0D-BC1D5CC4DABD}"
EndProject
Project("{FAE04EC0-301F-11D3-BF4B-00C04F79EFBC}") = "StockQuoteServiceClient", "Example\StockQuoteServiceClient\StockQuoteServiceClient.csproj", "{EE5BF7F3-7658-46C1-9923-174876DB0BF4}"
EndProject
Global
	GlobalSection(SolutionConfigurationPlatforms) = preSolution
		Debug|Any CPU = Debug|Any CPU
		Release|Any CPU = Release|Any CPU
	EndGlobalSection
	GlobalSection(ProjectConfigurationPlatforms) = postSolution
		{33EE12E1-E9A8-4839-9B50-0305D2DE143A}.Debug|Any CPU.ActiveCfg = Debug|Any CPU
		{33EE12E1-E9A8-4839-9B50-0305D2DE143A}.Debug|Any CPU.Build.0 = Debug|Any CPU
		{33EE12E1-E9A8-4839-9B50-0305D2DE143A}.Release|Any CPU.ActiveCfg = Release|Any CPU
		{33EE12E1-E9A8-4839-9B50-0305D2DE143A}.Release|Any CPU.Build.0 = Release|Any CPU
		{66474578-1205-4CC2-9A0D-BC1D5CC4DABD}.Debug|Any CPU.ActiveCfg = Debug|Any CPU
		{66474578-1205-4CC2-9A0D-BC1D5CC4DABD}.Debug|Any CPU.Build.0 = Debug|Any CPU
		{66474578-1205-4CC2-9A0D-BC1D5CC4DABD}.Release|Any CPU.ActiveCfg = Release|Any CPU
		{66474578-1205-4CC2-9A0D-BC1D5CC4DABD}.Release|Any CPU.Build.0 = Release|Any CPU
		{EE5BF7F3-7658-46C1-9923-174876DB0BF4}.Debug|Any CPU.ActiveCfg = Debug|Any CPU
		{EE5BF7F3-7658-46C1-9923-174876DB0BF4}.Debug|Any CPU.Build.0 = Debug|Any CPU
		{EE5BF7F3-7658-46C1-9923-174876DB0BF4}.Release|Any CPU.ActiveCfg = Release|Any CPU
		{EE5BF7F3-7658-46C1-9923-174876DB0BF4}.Release|Any CPU.Build.0 = Release|Any CPU
	EndGlobalSection
	GlobalSection(SolutionProperties) = preSolution
		HideSolutionNode = FALSE
	EndGlobalSection
	GlobalSection(NestedProjects) = preSolution
		{66474578-1205-4CC2-9A0D-BC1D5CC4DABD} = {AC5FB29C-242D-4087-9F09-2F5E286BB3B7}
		{EE5BF7F3-7658-46C1-9923-174876DB0BF4} = {AC5FB29C-242D-4087-9F09-2F5E286BB3B7}
	EndGlobalSection
	GlobalSection(ExtensibilityGlobals) = postSolution
		SolutionGuid = {48AED8A5-4A66-4637-A68C-841B82883F5C}
	EndGlobalSection
EndGlobal
